// !$*UTF8*$!
{
	archiveVersion = 1;
	classes = {
	};
	objectVersion = 48;
	objects = {

/* Begin PBXBuildFile section */
		CC1DF08E1FA4D42200980B90 /* SwiftyJSON.framework in Frameworks */ = {isa = PBXBuildFile; fileRef = CC38834F1F9A2722007F971A /* SwiftyJSON.framework */; };
		CC1DF08F1FA4D42300980B90 /* SwiftyJSON.framework in Embed Frameworks */ = {isa = PBXBuildFile; fileRef = CC38834F1F9A2722007F971A /* SwiftyJSON.framework */; settings = {ATTRIBUTES = (CodeSignOnCopy, RemoveHeadersOnCopy, ); }; };
		CC1DF0931FA4D42900980B90 /* Alamofire.framework in Frameworks */ = {isa = PBXBuildFile; fileRef = CC3883361F9A2717007F971A /* Alamofire.framework */; };
		CC1DF0941FA4D42900980B90 /* Alamofire.framework in Embed Frameworks */ = {isa = PBXBuildFile; fileRef = CC3883361F9A2717007F971A /* Alamofire.framework */; settings = {ATTRIBUTES = (CodeSignOnCopy, RemoveHeadersOnCopy, ); }; };
		CC1DF0A21FA4FE2000980B90 /* AlamofireNetworkActivityIndicator.framework in Frameworks */ = {isa = PBXBuildFile; fileRef = CC1DF09F1FA4FDD300980B90 /* AlamofireNetworkActivityIndicator.framework */; };
		CC1DF0A31FA4FE2000980B90 /* AlamofireNetworkActivityIndicator.framework in Embed Frameworks */ = {isa = PBXBuildFile; fileRef = CC1DF09F1FA4FDD300980B90 /* AlamofireNetworkActivityIndicator.framework */; settings = {ATTRIBUTES = (CodeSignOnCopy, RemoveHeadersOnCopy, ); }; };
		CC2B451B1FA358AC00FFF5BB /* WeatherController.swift in Sources */ = {isa = PBXBuildFile; fileRef = CC2B451A1FA358AB00FFF5BB /* WeatherController.swift */; };
		CCD1ED291FB1F7F900A8456F /* WeatherViewModel.swift in Sources */ = {isa = PBXBuildFile; fileRef = CCD1ED281FB1F7F900A8456F /* WeatherViewModel.swift */; };
		CCD1ED3B1FB1F9D100A8456F /* Protocols.swift in Sources */ = {isa = PBXBuildFile; fileRef = CCD1ED3A1FB1F9D100A8456F /* Protocols.swift */; };
		CCF3389F1F90D86700BB9E37 /* AppDelegate.swift in Sources */ = {isa = PBXBuildFile; fileRef = CCF3389E1F90D86700BB9E37 /* AppDelegate.swift */; };
		CCF338A11F90D86700BB9E37 /* ViewController.swift in Sources */ = {isa = PBXBuildFile; fileRef = CCF338A01F90D86700BB9E37 /* ViewController.swift */; };
		CCF338A41F90D86700BB9E37 /* Main.storyboard in Resources */ = {isa = PBXBuildFile; fileRef = CCF338A21F90D86700BB9E37 /* Main.storyboard */; };
		CCF338A61F90D86700BB9E37 /* Assets.xcassets in Resources */ = {isa = PBXBuildFile; fileRef = CCF338A51F90D86700BB9E37 /* Assets.xcassets */; };
		CCF338A91F90D86700BB9E37 /* LaunchScreen.storyboard in Resources */ = {isa = PBXBuildFile; fileRef = CCF338A71F90D86700BB9E37 /* LaunchScreen.storyboard */; };
		CCF338CD1F90D9AA00BB9E37 /* MyDataSource.swift in Sources */ = {isa = PBXBuildFile; fileRef = CCF338CC1F90D9AA00BB9E37 /* MyDataSource.swift */; };
		CCF338CF1F90DBF000BB9E37 /* MyTableViewCell.swift in Sources */ = {isa = PBXBuildFile; fileRef = CCF338CE1F90DBF000BB9E37 /* MyTableViewCell.swift */; };
/* End PBXBuildFile section */

/* Begin PBXContainerItemProxy section */
		CC1DF0901FA4D42300980B90 /* PBXContainerItemProxy */ = {
			isa = PBXContainerItemProxy;
			containerPortal = CC3883431F9A2722007F971A /* SwiftyJSON.xcodeproj */;
			proxyType = 1;
			remoteGlobalIDString = 2E4FEFDA19575BE100351305;
			remoteInfo = "SwiftyJSON iOS";
		};
		CC1DF0951FA4D42900980B90 /* PBXContainerItemProxy */ = {
			isa = PBXContainerItemProxy;
			containerPortal = CC38832A1F9A2717007F971A /* Alamofire.xcodeproj */;
			proxyType = 1;
			remoteGlobalIDString = F8111E3219A95C8B0040E7D1;
			remoteInfo = "Alamofire iOS";
		};
		CC1DF09E1FA4FDD300980B90 /* PBXContainerItemProxy */ = {
			isa = PBXContainerItemProxy;
			containerPortal = CC1DF0971FA4FDD300980B90 /* AlamofireNetworkActivityIndicator.xcodeproj */;
			proxyType = 2;
			remoteGlobalIDString = 4CB928391C66E1A600CE5F08;
			remoteInfo = AlamofireNetworkActivityIndicator;
		};
		CC1DF0A01FA4FDD300980B90 /* PBXContainerItemProxy */ = {
			isa = PBXContainerItemProxy;
			containerPortal = CC1DF0971FA4FDD300980B90 /* AlamofireNetworkActivityIndicator.xcodeproj */;
			proxyType = 2;
			remoteGlobalIDString = 4CB928431C66E1A700CE5F08;
			remoteInfo = AlamofireNetworkActivityIndicatorTests;
		};
		CC1DF0A41FA4FE2000980B90 /* PBXContainerItemProxy */ = {
			isa = PBXContainerItemProxy;
			containerPortal = CC1DF0971FA4FDD300980B90 /* AlamofireNetworkActivityIndicator.xcodeproj */;
			proxyType = 1;
			remoteGlobalIDString = 4CB928381C66E1A600CE5F08;
			remoteInfo = AlamofireNetworkActivityIndicator;
		};
		CC3883351F9A2717007F971A /* PBXContainerItemProxy */ = {
			isa = PBXContainerItemProxy;
			containerPortal = CC38832A1F9A2717007F971A /* Alamofire.xcodeproj */;
			proxyType = 2;
			remoteGlobalIDString = F8111E3319A95C8B0040E7D1;
			remoteInfo = "Alamofire iOS";
		};
		CC3883371F9A2717007F971A /* PBXContainerItemProxy */ = {
			isa = PBXContainerItemProxy;
			containerPortal = CC38832A1F9A2717007F971A /* Alamofire.xcodeproj */;
			proxyType = 2;
			remoteGlobalIDString = F8111E3E19A95C8B0040E7D1;
			remoteInfo = "Alamofire iOS Tests";
		};
		CC3883391F9A2717007F971A /* PBXContainerItemProxy */ = {
			isa = PBXContainerItemProxy;
			containerPortal = CC38832A1F9A2717007F971A /* Alamofire.xcodeproj */;
			proxyType = 2;
			remoteGlobalIDString = 4DD67C0B1A5C55C900ED2280;
			remoteInfo = "Alamofire macOS";
		};
		CC38833B1F9A2717007F971A /* PBXContainerItemProxy */ = {
			isa = PBXContainerItemProxy;
			containerPortal = CC38832A1F9A2717007F971A /* Alamofire.xcodeproj */;
			proxyType = 2;
			remoteGlobalIDString = F829C6B21A7A94F100A2CD59;
			remoteInfo = "Alamofire macOS Tests";
		};
		CC38833D1F9A2717007F971A /* PBXContainerItemProxy */ = {
			isa = PBXContainerItemProxy;
			containerPortal = CC38832A1F9A2717007F971A /* Alamofire.xcodeproj */;
			proxyType = 2;
			remoteGlobalIDString = 4CF626EF1BA7CB3E0011A099;
			remoteInfo = "Alamofire tvOS";
		};
		CC38833F1F9A2717007F971A /* PBXContainerItemProxy */ = {
			isa = PBXContainerItemProxy;
			containerPortal = CC38832A1F9A2717007F971A /* Alamofire.xcodeproj */;
			proxyType = 2;
			remoteGlobalIDString = 4CF626F81BA7CB3E0011A099;
			remoteInfo = "Alamofire tvOS Tests";
		};
		CC3883411F9A2717007F971A /* PBXContainerItemProxy */ = {
			isa = PBXContainerItemProxy;
			containerPortal = CC38832A1F9A2717007F971A /* Alamofire.xcodeproj */;
			proxyType = 2;
			remoteGlobalIDString = E4202FE01B667AA100C997FB;
			remoteInfo = "Alamofire watchOS";
		};
		CC38834E1F9A2722007F971A /* PBXContainerItemProxy */ = {
			isa = PBXContainerItemProxy;
			containerPortal = CC3883431F9A2722007F971A /* SwiftyJSON.xcodeproj */;
			proxyType = 2;
			remoteGlobalIDString = 2E4FEFDB19575BE100351305;
			remoteInfo = "SwiftyJSON iOS";
		};
		CC3883501F9A2722007F971A /* PBXContainerItemProxy */ = {
			isa = PBXContainerItemProxy;
			containerPortal = CC3883431F9A2722007F971A /* SwiftyJSON.xcodeproj */;
			proxyType = 2;
			remoteGlobalIDString = 2E4FEFE619575BE100351305;
			remoteInfo = "SwiftyJSON iOS Tests";
		};
		CC3883521F9A2722007F971A /* PBXContainerItemProxy */ = {
			isa = PBXContainerItemProxy;
			containerPortal = CC3883431F9A2722007F971A /* SwiftyJSON.xcodeproj */;
			proxyType = 2;
			remoteGlobalIDString = 9C7DFC5B1A9102BD005AA3F7;
			remoteInfo = "SwiftyJSON macOS";
		};
		CC3883541F9A2722007F971A /* PBXContainerItemProxy */ = {
			isa = PBXContainerItemProxy;
			containerPortal = CC3883431F9A2722007F971A /* SwiftyJSON.xcodeproj */;
			proxyType = 2;
			remoteGlobalIDString = 9C7DFC651A9102BD005AA3F7;
			remoteInfo = "SwiftyJSON macOS Tests";
		};
		CC3883561F9A2722007F971A /* PBXContainerItemProxy */ = {
			isa = PBXContainerItemProxy;
			containerPortal = CC3883431F9A2722007F971A /* SwiftyJSON.xcodeproj */;
			proxyType = 2;
			remoteGlobalIDString = E4D7CCE81B9465A700EE7221;
			remoteInfo = "SwiftyJSON watchOS";
		};
		CC3883581F9A2722007F971A /* PBXContainerItemProxy */ = {
			isa = PBXContainerItemProxy;
			containerPortal = CC3883431F9A2722007F971A /* SwiftyJSON.xcodeproj */;
			proxyType = 2;
			remoteGlobalIDString = 7236B4F61BAC14150020529B;
			remoteInfo = "SwiftyJSON tvOS";
		};
		CC38835A1F9A2722007F971A /* PBXContainerItemProxy */ = {
			isa = PBXContainerItemProxy;
			containerPortal = CC3883431F9A2722007F971A /* SwiftyJSON.xcodeproj */;
			proxyType = 2;
			remoteGlobalIDString = A8580F741BCF5C5B00DA927B;
			remoteInfo = "SwiftyJSON tvOS Tests";
		};
		CCF338B01F90D86700BB9E37 /* PBXContainerItemProxy */ = {
			isa = PBXContainerItemProxy;
			containerPortal = CCF338931F90D86700BB9E37 /* Project object */;
			proxyType = 1;
			remoteGlobalIDString = CCF3389A1F90D86700BB9E37;
			remoteInfo = "DHBW-Wheather";
		};
		CCF338BB1F90D86700BB9E37 /* PBXContainerItemProxy */ = {
			isa = PBXContainerItemProxy;
			containerPortal = CCF338931F90D86700BB9E37 /* Project object */;
			proxyType = 1;
			remoteGlobalIDString = CCF3389A1F90D86700BB9E37;
			remoteInfo = "DHBW-Wheather";
		};
/* End PBXContainerItemProxy section */

/* Begin PBXCopyFilesBuildPhase section */
		CC1DF0921FA4D42300980B90 /* Embed Frameworks */ = {
			isa = PBXCopyFilesBuildPhase;
			buildActionMask = 2147483647;
			dstPath = "";
			dstSubfolderSpec = 10;
			files = (
				CC1DF08F1FA4D42300980B90 /* SwiftyJSON.framework in Embed Frameworks */,
				CC1DF0941FA4D42900980B90 /* Alamofire.framework in Embed Frameworks */,
				CC1DF0A31FA4FE2000980B90 /* AlamofireNetworkActivityIndicator.framework in Embed Frameworks */,
			);
			name = "Embed Frameworks";
			runOnlyForDeploymentPostprocessing = 0;
		};
/* End PBXCopyFilesBuildPhase section */

/* Begin PBXFileReference section */
		CC1DF0971FA4FDD300980B90 /* AlamofireNetworkActivityIndicator.xcodeproj */ = {isa = PBXFileReference; lastKnownFileType = "wrapper.pb-project"; name = AlamofireNetworkActivityIndicator.xcodeproj; path = "AlamofireNetworkActivityIndicator-master/AlamofireNetworkActivityIndicator.xcodeproj"; sourceTree = "<group>"; };
		CC2B451A1FA358AB00FFF5BB /* WeatherController.swift */ = {isa = PBXFileReference; lastKnownFileType = sourcecode.swift; path = WeatherController.swift; sourceTree = "<group>"; };
		CC38832A1F9A2717007F971A /* Alamofire.xcodeproj */ = {isa = PBXFileReference; lastKnownFileType = "wrapper.pb-project"; name = Alamofire.xcodeproj; path = "Alamofire-master/Alamofire.xcodeproj"; sourceTree = "<group>"; };
		CC3883431F9A2722007F971A /* SwiftyJSON.xcodeproj */ = {isa = PBXFileReference; lastKnownFileType = "wrapper.pb-project"; name = SwiftyJSON.xcodeproj; path = "SwiftyJSON-master/SwiftyJSON.xcodeproj"; sourceTree = "<group>"; };
		CCD1ED281FB1F7F900A8456F /* WeatherViewModel.swift */ = {isa = PBXFileReference; lastKnownFileType = sourcecode.swift; path = WeatherViewModel.swift; sourceTree = "<group>"; };
		CCD1ED3A1FB1F9D100A8456F /* Protocols.swift */ = {isa = PBXFileReference; lastKnownFileType = sourcecode.swift; path = Protocols.swift; sourceTree = "<group>"; };
		CCF3389B1F90D86700BB9E37 /* DHBWeather.app */ = {isa = PBXFileReference; explicitFileType = wrapper.application; includeInIndex = 0; path = DHBWeather.app; sourceTree = BUILT_PRODUCTS_DIR; };
		CCF3389E1F90D86700BB9E37 /* AppDelegate.swift */ = {isa = PBXFileReference; lastKnownFileType = sourcecode.swift; path = AppDelegate.swift; sourceTree = "<group>"; };
		CCF338A01F90D86700BB9E37 /* ViewController.swift */ = {isa = PBXFileReference; lastKnownFileType = sourcecode.swift; path = ViewController.swift; sourceTree = "<group>"; };
		CCF338A31F90D86700BB9E37 /* Base */ = {isa = PBXFileReference; lastKnownFileType = file.storyboard; name = Base; path = Base.lproj/Main.storyboard; sourceTree = "<group>"; };
		CCF338A51F90D86700BB9E37 /* Assets.xcassets */ = {isa = PBXFileReference; lastKnownFileType = folder.assetcatalog; path = Assets.xcassets; sourceTree = "<group>"; };
		CCF338A81F90D86700BB9E37 /* Base */ = {isa = PBXFileReference; lastKnownFileType = file.storyboard; name = Base; path = Base.lproj/LaunchScreen.storyboard; sourceTree = "<group>"; };
		CCF338AA1F90D86700BB9E37 /* Info.plist */ = {isa = PBXFileReference; lastKnownFileType = text.plist.xml; path = Info.plist; sourceTree = "<group>"; };
		CCF338AF1F90D86700BB9E37 /* DHBWeatherTests.xctest */ = {isa = PBXFileReference; explicitFileType = wrapper.cfbundle; includeInIndex = 0; path = DHBWeatherTests.xctest; sourceTree = BUILT_PRODUCTS_DIR; };
		CCF338BA1F90D86700BB9E37 /* DHBWeatherUITests.xctest */ = {isa = PBXFileReference; explicitFileType = wrapper.cfbundle; includeInIndex = 0; path = DHBWeatherUITests.xctest; sourceTree = BUILT_PRODUCTS_DIR; };
		CCF338CC1F90D9AA00BB9E37 /* MyDataSource.swift */ = {isa = PBXFileReference; lastKnownFileType = sourcecode.swift; path = MyDataSource.swift; sourceTree = "<group>"; };
		CCF338CE1F90DBF000BB9E37 /* MyTableViewCell.swift */ = {isa = PBXFileReference; lastKnownFileType = sourcecode.swift; path = MyTableViewCell.swift; sourceTree = "<group>"; };
/* End PBXFileReference section */

/* Begin PBXFrameworksBuildPhase section */
		CCF338981F90D86700BB9E37 /* Frameworks */ = {
			isa = PBXFrameworksBuildPhase;
			buildActionMask = 2147483647;
			files = (
				CC1DF08E1FA4D42200980B90 /* SwiftyJSON.framework in Frameworks */,
				CC1DF0931FA4D42900980B90 /* Alamofire.framework in Frameworks */,
				CC1DF0A21FA4FE2000980B90 /* AlamofireNetworkActivityIndicator.framework in Frameworks */,
			);
			runOnlyForDeploymentPostprocessing = 0;
		};
		CCF338AC1F90D86700BB9E37 /* Frameworks */ = {
			isa = PBXFrameworksBuildPhase;
			buildActionMask = 2147483647;
			files = (
			);
			runOnlyForDeploymentPostprocessing = 0;
		};
		CCF338B71F90D86700BB9E37 /* Frameworks */ = {
			isa = PBXFrameworksBuildPhase;
			buildActionMask = 2147483647;
			files = (
			);
			runOnlyForDeploymentPostprocessing = 0;
		};
/* End PBXFrameworksBuildPhase section */

/* Begin PBXGroup section */
		CC1DF0981FA4FDD300980B90 /* Products */ = {
			isa = PBXGroup;
			children = (
				CC1DF09F1FA4FDD300980B90 /* AlamofireNetworkActivityIndicator.framework */,
				CC1DF0A11FA4FDD300980B90 /* AlamofireNetworkActivityIndicatorTests.xctest */,
			);
			name = Products;
			sourceTree = "<group>";
		};
		CC3882C31F9A2623007F971A /* Libraries */ = {
			isa = PBXGroup;
			children = (
				CC1DF0971FA4FDD300980B90 /* AlamofireNetworkActivityIndicator.xcodeproj */,
				CC3883431F9A2722007F971A /* SwiftyJSON.xcodeproj */,
				CC38832A1F9A2717007F971A /* Alamofire.xcodeproj */,
			);
			path = Libraries;
			sourceTree = "<group>";
		};
		CC38832B1F9A2717007F971A /* Products */ = {
			isa = PBXGroup;
			children = (
				CC3883361F9A2717007F971A /* Alamofire.framework */,
				CC3883381F9A2717007F971A /* Alamofire iOS Tests.xctest */,
				CC38833A1F9A2717007F971A /* Alamofire.framework */,
				CC38833C1F9A2717007F971A /* Alamofire macOS Tests.xctest */,
				CC38833E1F9A2717007F971A /* Alamofire.framework */,
				CC3883401F9A2717007F971A /* Alamofire tvOS Tests.xctest */,
				CC3883421F9A2717007F971A /* Alamofire.framework */,
			);
			name = Products;
			sourceTree = "<group>";
		};
		CC3883441F9A2722007F971A /* Products */ = {
			isa = PBXGroup;
			children = (
				CC38834F1F9A2722007F971A /* SwiftyJSON.framework */,
				CC3883511F9A2722007F971A /* SwiftyJSON iOS Tests.xctest */,
				CC3883531F9A2722007F971A /* SwiftyJSON.framework */,
				CC3883551F9A2722007F971A /* SwiftyJSON macOS Tests.xctest */,
				CC3883571F9A2722007F971A /* SwiftyJSON.framework */,
				CC3883591F9A2722007F971A /* SwiftyJSON.framework */,
				CC38835B1F9A2722007F971A /* SwiftyJSON tvOS Tests.xctest */,
			);
			name = Products;
			sourceTree = "<group>";
		};
		CCF338921F90D86700BB9E37 = {
			isa = PBXGroup;
			children = (
				CC3882C31F9A2623007F971A /* Libraries */,
				CCF3389D1F90D86700BB9E37 /* DHBWeather */,
				CCF3389C1F90D86700BB9E37 /* Products */,
			);
			sourceTree = "<group>";
		};
		CCF3389C1F90D86700BB9E37 /* Products */ = {
			isa = PBXGroup;
			children = (
				CCF3389B1F90D86700BB9E37 /* DHBWeather.app */,
				CCF338AF1F90D86700BB9E37 /* DHBWeatherTests.xctest */,
				CCF338BA1F90D86700BB9E37 /* DHBWeatherUITests.xctest */,
			);
			name = Products;
			sourceTree = "<group>";
		};
		CCF3389D1F90D86700BB9E37 /* DHBWeather */ = {
			isa = PBXGroup;
			children = (
				CCF3389E1F90D86700BB9E37 /* AppDelegate.swift */,
				CCF338A01F90D86700BB9E37 /* ViewController.swift */,
				CCD1ED3A1FB1F9D100A8456F /* Protocols.swift */,
				CCD1ED281FB1F7F900A8456F /* WeatherViewModel.swift */,
				CC2B451A1FA358AB00FFF5BB /* WeatherController.swift */,
				CCF338A21F90D86700BB9E37 /* Main.storyboard */,
				CCF338A51F90D86700BB9E37 /* Assets.xcassets */,
				CCF338A71F90D86700BB9E37 /* LaunchScreen.storyboard */,
				CCF338AA1F90D86700BB9E37 /* Info.plist */,
				CCF338CC1F90D9AA00BB9E37 /* MyDataSource.swift */,
				CCF338CE1F90DBF000BB9E37 /* MyTableViewCell.swift */,
			);
			path = DHBWeather;
			sourceTree = "<group>";
		};
/* End PBXGroup section */

/* Begin PBXNativeTarget section */
		CCF3389A1F90D86700BB9E37 /* DHBWeather */ = {
			isa = PBXNativeTarget;
			buildConfigurationList = CCF338C31F90D86700BB9E37 /* Build configuration list for PBXNativeTarget "DHBWeather" */;
			buildPhases = (
				CCF338971F90D86700BB9E37 /* Sources */,
				CCF338981F90D86700BB9E37 /* Frameworks */,
				CCF338991F90D86700BB9E37 /* Resources */,
				CC1DF0921FA4D42300980B90 /* Embed Frameworks */,
			);
			buildRules = (
			);
			dependencies = (
				CC1DF0911FA4D42300980B90 /* PBXTargetDependency */,
				CC1DF0961FA4D42900980B90 /* PBXTargetDependency */,
				CC1DF0A51FA4FE2000980B90 /* PBXTargetDependency */,
			);
			name = DHBWeather;
			productName = "DHBW-Wheather";
			productReference = CCF3389B1F90D86700BB9E37 /* DHBWeather.app */;
			productType = "com.apple.product-type.application";
		};
		CCF338AE1F90D86700BB9E37 /* DHBWeatherTests */ = {
			isa = PBXNativeTarget;
			buildConfigurationList = CCF338C61F90D86700BB9E37 /* Build configuration list for PBXNativeTarget "DHBWeatherTests" */;
			buildPhases = (
				CCF338AB1F90D86700BB9E37 /* Sources */,
				CCF338AC1F90D86700BB9E37 /* Frameworks */,
				CCF338AD1F90D86700BB9E37 /* Resources */,
			);
			buildRules = (
			);
			dependencies = (
				CCF338B11F90D86700BB9E37 /* PBXTargetDependency */,
			);
			name = DHBWeatherTests;
			productName = "DHBW-WheatherTests";
			productReference = CCF338AF1F90D86700BB9E37 /* DHBWeatherTests.xctest */;
			productType = "com.apple.product-type.bundle.unit-test";
		};
		CCF338B91F90D86700BB9E37 /* DHBWeatherUITests */ = {
			isa = PBXNativeTarget;
			buildConfigurationList = CCF338C91F90D86700BB9E37 /* Build configuration list for PBXNativeTarget "DHBWeatherUITests" */;
			buildPhases = (
				CCF338B61F90D86700BB9E37 /* Sources */,
				CCF338B71F90D86700BB9E37 /* Frameworks */,
				CCF338B81F90D86700BB9E37 /* Resources */,
			);
			buildRules = (
			);
			dependencies = (
				CCF338BC1F90D86700BB9E37 /* PBXTargetDependency */,
			);
			name = DHBWeatherUITests;
			productName = "DHBW-WheatherUITests";
			productReference = CCF338BA1F90D86700BB9E37 /* DHBWeatherUITests.xctest */;
			productType = "com.apple.product-type.bundle.ui-testing";
		};
/* End PBXNativeTarget section */

/* Begin PBXProject section */
		CCF338931F90D86700BB9E37 /* Project object */ = {
			isa = PBXProject;
			attributes = {
				LastSwiftUpdateCheck = 0900;
				LastUpgradeCheck = 0900;
				ORGANIZATIONNAME = "Daniel Salomon";
				TargetAttributes = {
					CCF3389A1F90D86700BB9E37 = {
						CreatedOnToolsVersion = 9.0;
						ProvisioningStyle = Automatic;
					};
					CCF338AE1F90D86700BB9E37 = {
						CreatedOnToolsVersion = 9.0;
						ProvisioningStyle = Automatic;
						TestTargetID = CCF3389A1F90D86700BB9E37;
					};
					CCF338B91F90D86700BB9E37 = {
						CreatedOnToolsVersion = 9.0;
						ProvisioningStyle = Automatic;
						TestTargetID = CCF3389A1F90D86700BB9E37;
					};
				};
			};
			buildConfigurationList = CCF338961F90D86700BB9E37 /* Build configuration list for PBXProject "DHBWeather" */;
			compatibilityVersion = "Xcode 8.0";
			developmentRegion = en;
			hasScannedForEncodings = 0;
			knownRegions = (
				en,
				Base,
			);
			mainGroup = CCF338921F90D86700BB9E37;
			productRefGroup = CCF3389C1F90D86700BB9E37 /* Products */;
			projectDirPath = "";
			projectReferences = (
				{
					ProductGroup = CC38832B1F9A2717007F971A /* Products */;
					ProjectRef = CC38832A1F9A2717007F971A /* Alamofire.xcodeproj */;
				},
				{
					ProductGroup = CC1DF0981FA4FDD300980B90 /* Products */;
					ProjectRef = CC1DF0971FA4FDD300980B90 /* AlamofireNetworkActivityIndicator.xcodeproj */;
				},
				{
					ProductGroup = CC3883441F9A2722007F971A /* Products */;
					ProjectRef = CC3883431F9A2722007F971A /* SwiftyJSON.xcodeproj */;
				},
			);
			projectRoot = "";
			targets = (
				CCF3389A1F90D86700BB9E37 /* DHBWeather */,
				CCF338AE1F90D86700BB9E37 /* DHBWeatherTests */,
				CCF338B91F90D86700BB9E37 /* DHBWeatherUITests */,
			);
		};
/* End PBXProject section */

/* Begin PBXReferenceProxy section */
		CC1DF09F1FA4FDD300980B90 /* AlamofireNetworkActivityIndicator.framework */ = {
			isa = PBXReferenceProxy;
			fileType = wrapper.framework;
			path = AlamofireNetworkActivityIndicator.framework;
			remoteRef = CC1DF09E1FA4FDD300980B90 /* PBXContainerItemProxy */;
			sourceTree = BUILT_PRODUCTS_DIR;
		};
		CC1DF0A11FA4FDD300980B90 /* AlamofireNetworkActivityIndicatorTests.xctest */ = {
			isa = PBXReferenceProxy;
			fileType = wrapper.cfbundle;
			path = AlamofireNetworkActivityIndicatorTests.xctest;
			remoteRef = CC1DF0A01FA4FDD300980B90 /* PBXContainerItemProxy */;
			sourceTree = BUILT_PRODUCTS_DIR;
		};
		CC3883361F9A2717007F971A /* Alamofire.framework */ = {
			isa = PBXReferenceProxy;
			fileType = wrapper.framework;
			path = Alamofire.framework;
			remoteRef = CC3883351F9A2717007F971A /* PBXContainerItemProxy */;
			sourceTree = BUILT_PRODUCTS_DIR;
		};
		CC3883381F9A2717007F971A /* Alamofire iOS Tests.xctest */ = {
			isa = PBXReferenceProxy;
			fileType = wrapper.cfbundle;
			path = "Alamofire iOS Tests.xctest";
			remoteRef = CC3883371F9A2717007F971A /* PBXContainerItemProxy */;
			sourceTree = BUILT_PRODUCTS_DIR;
		};
		CC38833A1F9A2717007F971A /* Alamofire.framework */ = {
			isa = PBXReferenceProxy;
			fileType = wrapper.framework;
			path = Alamofire.framework;
			remoteRef = CC3883391F9A2717007F971A /* PBXContainerItemProxy */;
			sourceTree = BUILT_PRODUCTS_DIR;
		};
		CC38833C1F9A2717007F971A /* Alamofire macOS Tests.xctest */ = {
			isa = PBXReferenceProxy;
			fileType = wrapper.cfbundle;
			path = "Alamofire macOS Tests.xctest";
			remoteRef = CC38833B1F9A2717007F971A /* PBXContainerItemProxy */;
			sourceTree = BUILT_PRODUCTS_DIR;
		};
		CC38833E1F9A2717007F971A /* Alamofire.framework */ = {
			isa = PBXReferenceProxy;
			fileType = wrapper.framework;
			path = Alamofire.framework;
			remoteRef = CC38833D1F9A2717007F971A /* PBXContainerItemProxy */;
			sourceTree = BUILT_PRODUCTS_DIR;
		};
		CC3883401F9A2717007F971A /* Alamofire tvOS Tests.xctest */ = {
			isa = PBXReferenceProxy;
			fileType = wrapper.cfbundle;
			path = "Alamofire tvOS Tests.xctest";
			remoteRef = CC38833F1F9A2717007F971A /* PBXContainerItemProxy */;
			sourceTree = BUILT_PRODUCTS_DIR;
		};
		CC3883421F9A2717007F971A /* Alamofire.framework */ = {
			isa = PBXReferenceProxy;
			fileType = wrapper.framework;
			path = Alamofire.framework;
			remoteRef = CC3883411F9A2717007F971A /* PBXContainerItemProxy */;
			sourceTree = BUILT_PRODUCTS_DIR;
		};
		CC38834F1F9A2722007F971A /* SwiftyJSON.framework */ = {
			isa = PBXReferenceProxy;
			fileType = wrapper.framework;
			path = SwiftyJSON.framework;
			remoteRef = CC38834E1F9A2722007F971A /* PBXContainerItemProxy */;
			sourceTree = BUILT_PRODUCTS_DIR;
		};
		CC3883511F9A2722007F971A /* SwiftyJSON iOS Tests.xctest */ = {
			isa = PBXReferenceProxy;
			fileType = wrapper.cfbundle;
			path = "SwiftyJSON iOS Tests.xctest";
			remoteRef = CC3883501F9A2722007F971A /* PBXContainerItemProxy */;
			sourceTree = BUILT_PRODUCTS_DIR;
		};
		CC3883531F9A2722007F971A /* SwiftyJSON.framework */ = {
			isa = PBXReferenceProxy;
			fileType = wrapper.framework;
			path = SwiftyJSON.framework;
			remoteRef = CC3883521F9A2722007F971A /* PBXContainerItemProxy */;
			sourceTree = BUILT_PRODUCTS_DIR;
		};
		CC3883551F9A2722007F971A /* SwiftyJSON macOS Tests.xctest */ = {
			isa = PBXReferenceProxy;
			fileType = wrapper.cfbundle;
			path = "SwiftyJSON macOS Tests.xctest";
			remoteRef = CC3883541F9A2722007F971A /* PBXContainerItemProxy */;
			sourceTree = BUILT_PRODUCTS_DIR;
		};
		CC3883571F9A2722007F971A /* SwiftyJSON.framework */ = {
			isa = PBXReferenceProxy;
			fileType = wrapper.framework;
			path = SwiftyJSON.framework;
			remoteRef = CC3883561F9A2722007F971A /* PBXContainerItemProxy */;
			sourceTree = BUILT_PRODUCTS_DIR;
		};
		CC3883591F9A2722007F971A /* SwiftyJSON.framework */ = {
			isa = PBXReferenceProxy;
			fileType = wrapper.framework;
			path = SwiftyJSON.framework;
			remoteRef = CC3883581F9A2722007F971A /* PBXContainerItemProxy */;
			sourceTree = BUILT_PRODUCTS_DIR;
		};
		CC38835B1F9A2722007F971A /* SwiftyJSON tvOS Tests.xctest */ = {
			isa = PBXReferenceProxy;
			fileType = wrapper.cfbundle;
			path = "SwiftyJSON tvOS Tests.xctest";
			remoteRef = CC38835A1F9A2722007F971A /* PBXContainerItemProxy */;
			sourceTree = BUILT_PRODUCTS_DIR;
		};
/* End PBXReferenceProxy section */

/* Begin PBXResourcesBuildPhase section */
		CCF338991F90D86700BB9E37 /* Resources */ = {
			isa = PBXResourcesBuildPhase;
			buildActionMask = 2147483647;
			files = (
				CCF338A91F90D86700BB9E37 /* LaunchScreen.storyboard in Resources */,
				CCF338A61F90D86700BB9E37 /* Assets.xcassets in Resources */,
				CCF338A41F90D86700BB9E37 /* Main.storyboard in Resources */,
			);
			runOnlyForDeploymentPostprocessing = 0;
		};
		CCF338AD1F90D86700BB9E37 /* Resources */ = {
			isa = PBXResourcesBuildPhase;
			buildActionMask = 2147483647;
			files = (
			);
			runOnlyForDeploymentPostprocessing = 0;
		};
		CCF338B81F90D86700BB9E37 /* Resources */ = {
			isa = PBXResourcesBuildPhase;
			buildActionMask = 2147483647;
			files = (
			);
			runOnlyForDeploymentPostprocessing = 0;
		};
/* End PBXResourcesBuildPhase section */

/* Begin PBXSourcesBuildPhase section */
		CCF338971F90D86700BB9E37 /* Sources */ = {
			isa = PBXSourcesBuildPhase;
			buildActionMask = 2147483647;
			files = (
				CCF338CD1F90D9AA00BB9E37 /* MyDataSource.swift in Sources */,
				CCD1ED291FB1F7F900A8456F /* WeatherViewModel.swift in Sources */,
				CCD1ED3B1FB1F9D100A8456F /* Protocols.swift in Sources */,
				CCF338CF1F90DBF000BB9E37 /* MyTableViewCell.swift in Sources */,
				CCF338A11F90D86700BB9E37 /* ViewController.swift in Sources */,
				CCF3389F1F90D86700BB9E37 /* AppDelegate.swift in Sources */,
				CC2B451B1FA358AC00FFF5BB /* WeatherController.swift in Sources */,
			);
			runOnlyForDeploymentPostprocessing = 0;
		};
		CCF338AB1F90D86700BB9E37 /* Sources */ = {
			isa = PBXSourcesBuildPhase;
			buildActionMask = 2147483647;
			files = (
			);
			runOnlyForDeploymentPostprocessing = 0;
		};
		CCF338B61F90D86700BB9E37 /* Sources */ = {
			isa = PBXSourcesBuildPhase;
			buildActionMask = 2147483647;
			files = (
			);
			runOnlyForDeploymentPostprocessing = 0;
		};
/* End PBXSourcesBuildPhase section */

/* Begin PBXTargetDependency section */
		CC1DF0911FA4D42300980B90 /* PBXTargetDependency */ = {
			isa = PBXTargetDependency;
			name = "SwiftyJSON iOS";
			targetProxy = CC1DF0901FA4D42300980B90 /* PBXContainerItemProxy */;
		};
		CC1DF0961FA4D42900980B90 /* PBXTargetDependency */ = {
			isa = PBXTargetDependency;
			name = "Alamofire iOS";
			targetProxy = CC1DF0951FA4D42900980B90 /* PBXContainerItemProxy */;
		};
		CC1DF0A51FA4FE2000980B90 /* PBXTargetDependency */ = {
			isa = PBXTargetDependency;
			name = AlamofireNetworkActivityIndicator;
			targetProxy = CC1DF0A41FA4FE2000980B90 /* PBXContainerItemProxy */;
		};
		CCF338B11F90D86700BB9E37 /* PBXTargetDependency */ = {
			isa = PBXTargetDependency;
			target = CCF3389A1F90D86700BB9E37 /* DHBWeather */;
			targetProxy = CCF338B01F90D86700BB9E37 /* PBXContainerItemProxy */;
		};
		CCF338BC1F90D86700BB9E37 /* PBXTargetDependency */ = {
			isa = PBXTargetDependency;
			target = CCF3389A1F90D86700BB9E37 /* DHBWeather */;
			targetProxy = CCF338BB1F90D86700BB9E37 /* PBXContainerItemProxy */;
		};
/* End PBXTargetDependency section */

/* Begin PBXVariantGroup section */
		CCF338A21F90D86700BB9E37 /* Main.storyboard */ = {
			isa = PBXVariantGroup;
			children = (
				CCF338A31F90D86700BB9E37 /* Base */,
			);
			name = Main.storyboard;
			sourceTree = "<group>";
		};
		CCF338A71F90D86700BB9E37 /* LaunchScreen.storyboard */ = {
			isa = PBXVariantGroup;
			children = (
				CCF338A81F90D86700BB9E37 /* Base */,
			);
			name = LaunchScreen.storyboard;
			sourceTree = "<group>";
		};
/* End PBXVariantGroup section */

/* Begin XCBuildConfiguration section */
		CCF338C11F90D86700BB9E37 /* Debug */ = {
			isa = XCBuildConfiguration;
			buildSettings = {
				ALWAYS_SEARCH_USER_PATHS = NO;
				CLANG_ANALYZER_NONNULL = YES;
				CLANG_ANALYZER_NUMBER_OBJECT_CONVERSION = YES_AGGRESSIVE;
				CLANG_CXX_LANGUAGE_STANDARD = "gnu++14";
				CLANG_CXX_LIBRARY = "libc++";
				CLANG_ENABLE_MODULES = YES;
				CLANG_ENABLE_OBJC_ARC = YES;
				CLANG_WARN_BLOCK_CAPTURE_AUTORELEASING = YES;
				CLANG_WARN_BOOL_CONVERSION = YES;
				CLANG_WARN_COMMA = YES;
				CLANG_WARN_CONSTANT_CONVERSION = YES;
				CLANG_WARN_DIRECT_OBJC_ISA_USAGE = YES_ERROR;
				CLANG_WARN_DOCUMENTATION_COMMENTS = YES;
				CLANG_WARN_EMPTY_BODY = YES;
				CLANG_WARN_ENUM_CONVERSION = YES;
				CLANG_WARN_INFINITE_RECURSION = YES;
				CLANG_WARN_INT_CONVERSION = YES;
				CLANG_WARN_NON_LITERAL_NULL_CONVERSION = YES;
				CLANG_WARN_OBJC_LITERAL_CONVERSION = YES;
				CLANG_WARN_OBJC_ROOT_CLASS = YES_ERROR;
				CLANG_WARN_RANGE_LOOP_ANALYSIS = YES;
				CLANG_WARN_STRICT_PROTOTYPES = YES;
				CLANG_WARN_SUSPICIOUS_MOVE = YES;
				CLANG_WARN_UNGUARDED_AVAILABILITY = YES_AGGRESSIVE;
				CLANG_WARN_UNREACHABLE_CODE = YES;
				CLANG_WARN__DUPLICATE_METHOD_MATCH = YES;
				CODE_SIGN_IDENTITY = "iPhone Developer";
				COPY_PHASE_STRIP = NO;
				DEBUG_INFORMATION_FORMAT = dwarf;
				ENABLE_STRICT_OBJC_MSGSEND = YES;
				ENABLE_TESTABILITY = YES;
				GCC_C_LANGUAGE_STANDARD = gnu11;
				GCC_DYNAMIC_NO_PIC = NO;
				GCC_NO_COMMON_BLOCKS = YES;
				GCC_OPTIMIZATION_LEVEL = 0;
				GCC_PREPROCESSOR_DEFINITIONS = (
					"DEBUG=1",
					"$(inherited)",
				);
				GCC_WARN_64_TO_32_BIT_CONVERSION = YES;
				GCC_WARN_ABOUT_RETURN_TYPE = YES_ERROR;
				GCC_WARN_UNDECLARED_SELECTOR = YES;
				GCC_WARN_UNINITIALIZED_AUTOS = YES_AGGRESSIVE;
				GCC_WARN_UNUSED_FUNCTION = YES;
				GCC_WARN_UNUSED_VARIABLE = YES;
				IPHONEOS_DEPLOYMENT_TARGET = 11.0;
				MTL_ENABLE_DEBUG_INFO = YES;
				ONLY_ACTIVE_ARCH = YES;
				SDKROOT = iphoneos;
				SWIFT_ACTIVE_COMPILATION_CONDITIONS = DEBUG;
				SWIFT_OPTIMIZATION_LEVEL = "-Onone";
			};
			name = Debug;
		};
		CCF338C21F90D86700BB9E37 /* Release */ = {
			isa = XCBuildConfiguration;
			buildSettings = {
				ALWAYS_SEARCH_USER_PATHS = NO;
				CLANG_ANALYZER_NONNULL = YES;
				CLANG_ANALYZER_NUMBER_OBJECT_CONVERSION = YES_AGGRESSIVE;
				CLANG_CXX_LANGUAGE_STANDARD = "gnu++14";
				CLANG_CXX_LIBRARY = "libc++";
				CLANG_ENABLE_MODULES = YES;
				CLANG_ENABLE_OBJC_ARC = YES;
				CLANG_WARN_BLOCK_CAPTURE_AUTORELEASING = YES;
				CLANG_WARN_BOOL_CONVERSION = YES;
				CLANG_WARN_COMMA = YES;
				CLANG_WARN_CONSTANT_CONVERSION = YES;
				CLANG_WARN_DIRECT_OBJC_ISA_USAGE = YES_ERROR;
				CLANG_WARN_DOCUMENTATION_COMMENTS = YES;
				CLANG_WARN_EMPTY_BODY = YES;
				CLANG_WARN_ENUM_CONVERSION = YES;
				CLANG_WARN_INFINITE_RECURSION = YES;
				CLANG_WARN_INT_CONVERSION = YES;
				CLANG_WARN_NON_LITERAL_NULL_CONVERSION = YES;
				CLANG_WARN_OBJC_LITERAL_CONVERSION = YES;
				CLANG_WARN_OBJC_ROOT_CLASS = YES_ERROR;
				CLANG_WARN_RANGE_LOOP_ANALYSIS = YES;
				CLANG_WARN_STRICT_PROTOTYPES = YES;
				CLANG_WARN_SUSPICIOUS_MOVE = YES;
				CLANG_WARN_UNGUARDED_AVAILABILITY = YES_AGGRESSIVE;
				CLANG_WARN_UNREACHABLE_CODE = YES;
				CLANG_WARN__DUPLICATE_METHOD_MATCH = YES;
				CODE_SIGN_IDENTITY = "iPhone Developer";
				COPY_PHASE_STRIP = NO;
				DEBUG_INFORMATION_FORMAT = "dwarf-with-dsym";
				ENABLE_NS_ASSERTIONS = NO;
				ENABLE_STRICT_OBJC_MSGSEND = YES;
				GCC_C_LANGUAGE_STANDARD = gnu11;
				GCC_NO_COMMON_BLOCKS = YES;
				GCC_WARN_64_TO_32_BIT_CONVERSION = YES;
				GCC_WARN_ABOUT_RETURN_TYPE = YES_ERROR;
				GCC_WARN_UNDECLARED_SELECTOR = YES;
				GCC_WARN_UNINITIALIZED_AUTOS = YES_AGGRESSIVE;
				GCC_WARN_UNUSED_FUNCTION = YES;
				GCC_WARN_UNUSED_VARIABLE = YES;
				IPHONEOS_DEPLOYMENT_TARGET = 11.0;
				MTL_ENABLE_DEBUG_INFO = NO;
				SDKROOT = iphoneos;
				SWIFT_OPTIMIZATION_LEVEL = "-Owholemodule";
				VALIDATE_PRODUCT = YES;
			};
			name = Release;
		};
		CCF338C41F90D86700BB9E37 /* Debug */ = {
			isa = XCBuildConfiguration;
			buildSettings = {
				ALWAYS_EMBED_SWIFT_STANDARD_LIBRARIES = YES;
				ASSETCATALOG_COMPILER_APPICON_NAME = AppIcon;
				CODE_SIGN_STYLE = Automatic;
				DEVELOPMENT_TEAM = MZ356T6C39;
				INFOPLIST_FILE = "$(SRCROOT)/DHBWeather/Info.plist";
				IPHONEOS_DEPLOYMENT_TARGET = 9.0;
				LD_RUNPATH_SEARCH_PATHS = "$(inherited) @executable_path/Frameworks";
				PRODUCT_BUNDLE_IDENTIFIER = "de.salomon-mh.DHBWeather";
				PRODUCT_NAME = "$(TARGET_NAME)";
				SWIFT_VERSION = 4.0;
				TARGETED_DEVICE_FAMILY = "1,2";
			};
			name = Debug;
		};
		CCF338C51F90D86700BB9E37 /* Release */ = {
			isa = XCBuildConfiguration;
			buildSettings = {
				ALWAYS_EMBED_SWIFT_STANDARD_LIBRARIES = YES;
				ASSETCATALOG_COMPILER_APPICON_NAME = AppIcon;
				CODE_SIGN_STYLE = Automatic;
				DEVELOPMENT_TEAM = MZ356T6C39;
				INFOPLIST_FILE = "$(SRCROOT)/DHBWeather/Info.plist";
				IPHONEOS_DEPLOYMENT_TARGET = 9.0;
				LD_RUNPATH_SEARCH_PATHS = "$(inherited) @executable_path/Frameworks";
				PRODUCT_BUNDLE_IDENTIFIER = "de.salomon-mh.DHBWeather";
				PRODUCT_NAME = "$(TARGET_NAME)";
				SWIFT_VERSION = 4.0;
				TARGETED_DEVICE_FAMILY = "1,2";
			};
			name = Release;
		};
		CCF338C71F90D86700BB9E37 /* Debug */ = {
			isa = XCBuildConfiguration;
			buildSettings = {
				ALWAYS_EMBED_SWIFT_STANDARD_LIBRARIES = YES;
				BUNDLE_LOADER = "$(TEST_HOST)";
				CODE_SIGN_STYLE = Automatic;
				DEVELOPMENT_TEAM = MZ356T6C39;
				INFOPLIST_FILE = "DHBW-WheatherTests/Info.plist";
				LD_RUNPATH_SEARCH_PATHS = "$(inherited) @executable_path/Frameworks @loader_path/Frameworks";
				PRODUCT_BUNDLE_IDENTIFIER = "de.salomon-mh.DHBW-WheatherTests";
				PRODUCT_NAME = "$(TARGET_NAME)";
				SWIFT_VERSION = 4.0;
				TARGETED_DEVICE_FAMILY = "1,2";
				TEST_HOST = "$(BUILT_PRODUCTS_DIR)/DHBWeather.app/DHBWeather";
			};
			name = Debug;
		};
		CCF338C81F90D86700BB9E37 /* Release */ = {
			isa = XCBuildConfiguration;
			buildSettings = {
				ALWAYS_EMBED_SWIFT_STANDARD_LIBRARIES = YES;
				BUNDLE_LOADER = "$(TEST_HOST)";
				CODE_SIGN_STYLE = Automatic;
				DEVELOPMENT_TEAM = MZ356T6C39;
				INFOPLIST_FILE = "DHBW-WheatherTests/Info.plist";
				LD_RUNPATH_SEARCH_PATHS = "$(inherited) @executable_path/Frameworks @loader_path/Frameworks";
				PRODUCT_BUNDLE_IDENTIFIER = "de.salomon-mh.DHBW-WheatherTests";
				PRODUCT_NAME = "$(TARGET_NAME)";
				SWIFT_VERSION = 4.0;
				TARGETED_DEVICE_FAMILY = "1,2";
				TEST_HOST = "$(BUILT_PRODUCTS_DIR)/DHBWeather.app/DHBWeather";
			};
			name = Release;
		};
		CCF338CA1F90D86700BB9E37 /* Debug */ = {
			isa = XCBuildConfiguration;
			buildSettings = {
				ALWAYS_EMBED_SWIFT_STANDARD_LIBRARIES = YES;
				CODE_SIGN_STYLE = Automatic;
				DEVELOPMENT_TEAM = MZ356T6C39;
				INFOPLIST_FILE = "DHBW-WheatherUITests/Info.plist";
				LD_RUNPATH_SEARCH_PATHS = "$(inherited) @executable_path/Frameworks @loader_path/Frameworks";
				PRODUCT_BUNDLE_IDENTIFIER = "de.salomon-mh.DHBW-WheatherUITests";
				PRODUCT_NAME = "$(TARGET_NAME)";
				SWIFT_VERSION = 4.0;
				TARGETED_DEVICE_FAMILY = "1,2";
				TEST_TARGET_NAME = "DHBW-Wheather";
			};
			name = Debug;
		};
		CCF338CB1F90D86700BB9E37 /* Release */ = {
			isa = XCBuildConfiguration;
			buildSettings = {
				ALWAYS_EMBED_SWIFT_STANDARD_LIBRARIES = YES;
				CODE_SIGN_STYLE = Automatic;
				DEVELOPMENT_TEAM = MZ356T6C39;
				INFOPLIST_FILE = "DHBW-WheatherUITests/Info.plist";
				LD_RUNPATH_SEARCH_PATHS = "$(inherited) @executable_path/Frameworks @loader_path/Frameworks";
				PRODUCT_BUNDLE_IDENTIFIER = "de.salomon-mh.DHBW-WheatherUITests";
				PRODUCT_NAME = "$(TARGET_NAME)";
				SWIFT_VERSION = 4.0;
				TARGETED_DEVICE_FAMILY = "1,2";
				TEST_TARGET_NAME = "DHBW-Wheather";
			};
			name = Release;
		};
/* End XCBuildConfiguration section */

/* Begin XCConfigurationList section */
		CCF338961F90D86700BB9E37 /* Build configuration list for PBXProject "DHBWeather" */ = {
			isa = XCConfigurationList;
			buildConfigurations = (
				CCF338C11F90D86700BB9E37 /* Debug */,
				CCF338C21F90D86700BB9E37 /* Release */,
			);
			defaultConfigurationIsVisible = 0;
			defaultConfigurationName = Release;
		};
		CCF338C31F90D86700BB9E37 /* Build configuration list for PBXNativeTarget "DHBWeather" */ = {
			isa = XCConfigurationList;
			buildConfigurations = (
				CCF338C41F90D86700BB9E37 /* Debug */,
				CCF338C51F90D86700BB9E37 /* Release */,
			);
			defaultConfigurationIsVisible = 0;
			defaultConfigurationName = Release;
		};
		CCF338C61F90D86700BB9E37 /* Build configuration list for PBXNativeTarget "DHBWeatherTests" */ = {
			isa = XCConfigurationList;
			buildConfigurations = (
				CCF338C71F90D86700BB9E37 /* Debug */,
				CCF338C81F90D86700BB9E37 /* Release */,
			);
			defaultConfigurationIsVisible = 0;
			defaultConfigurationName = Release;
		};
		CCF338C91F90D86700BB9E37 /* Build configuration list for PBXNativeTarget "DHBWeatherUITests" */ = {
			isa = XCConfigurationList;
			buildConfigurations = (
				CCF338CA1F90D86700BB9E37 /* Debug */,
				CCF338CB1F90D86700BB9E37 /* Release */,
			);
			defaultConfigurationIsVisible = 0;
			defaultConfigurationName = Release;
		};
/* End XCConfigurationList section */
	};
	rootObject = CCF338931F90D86700BB9E37 /* Project object */;
}
